
Microsoft Visual Studio Solution File, Format Version 12.00
# Visual Studio 15
VisualStudioVersion = 15.0.27130.2036
MinimumVisualStudioVersion = 10.0.40219.1
Project("{9A19103F-16F7-4668-BE54-9A1E7A4F7556}") = "Calculator.Core", "src\Calculator.Core\Calculator.Core.csproj", "{01DF4B76-2062-428A-9AF6-F0A8C56CA0D9}"
EndProject
Project("{9A19103F-16F7-4668-BE54-9A1E7A4F7556}") = "Calculator.WebApi", "src\Calculator.WebApi\Calculator.WebApi.csproj", "{50F49833-CE62-41D0-A898-0CFDE342A9D6}"
EndProject
Project("{E53339B2-1760-4266-BCC7-CA923CBCF16C}") = "docker-compose", "docker-compose.dcproj", "{29C3816E-7DFB-4558-8512-D8A6DC7E5A7C}"
EndProject
Project("{9A19103F-16F7-4668-BE54-9A1E7A4F7556}") = "Calculator.Test", "src\Calculator.Test\Calculator.Test.csproj", "{8B00F54C-12B2-46AC-809A-2CF034D7801E}"
EndProject
Global
	GlobalSection(SolutionConfigurationPlatforms) = preSolution
		Debug|Any CPU = Debug|Any CPU
		Release|Any CPU = Release|Any CPU
	EndGlobalSection
	GlobalSection(ProjectConfigurationPlatforms) = postSolution
		{01DF4B76-2062-428A-9AF6-F0A8C56CA0D9}.Debug|Any CPU.ActiveCfg = Debug|Any CPU
		{01DF4B76-2062-428A-9AF6-F0A8C56CA0D9}.Debug|Any CPU.Build.0 = Debug|Any CPU
		{01DF4B76-2062-428A-9AF6-F0A8C56CA0D9}.Release|Any CPU.ActiveCfg = Release|Any CPU
		{01DF4B76-2062-428A-9AF6-F0A8C56CA0D9}.Release|Any CPU.Build.0 = Release|Any CPU
		{50F49833-CE62-41D0-A898-0CFDE342A9D6}.Debug|Any CPU.ActiveCfg = Debug|Any CPU
		{50F49833-CE62-41D0-A898-0CFDE342A9D6}.Debug|Any CPU.Build.0 = Debug|Any CPU
		{50F49833-CE62-41D0-A898-0CFDE342A9D6}.Release|Any CPU.ActiveCfg = Release|Any CPU
		{50F49833-CE62-41D0-A898-0CFDE342A9D6}.Release|Any CPU.Build.0 = Release|Any CPU
		{29C3816E-7DFB-4558-8512-D8A6DC7E5A7C}.Debug|Any CPU.ActiveCfg = Debug|Any CPU
		{29C3816E-7DFB-4558-8512-D8A6DC7E5A7C}.Debug|Any CPU.Build.0 = Debug|Any CPU
		{29C3816E-7DFB-4558-8512-D8A6DC7E5A7C}.Release|Any CPU.ActiveCfg = Release|Any CPU
		{29C3816E-7DFB-4558-8512-D8A6DC7E5A7C}.Release|Any CPU.Build.0 = Release|Any CPU
		{8B00F54C-12B2-46AC-809A-2CF034D7801E}.Debug|Any CPU.ActiveCfg = Debug|Any CPU
		{8B00F54C-12B2-46AC-809A-2CF034D7801E}.Debug|Any CPU.Build.0 = Debug|Any CPU
		{8B00F54C-12B2-46AC-809A-2CF034D7801E}.Release|Any CPU.ActiveCfg = Release|Any CPU
		{8B00F54C-12B2-46AC-809A-2CF034D7801E}.Release|Any CPU.Build.0 = Release|Any CPU
	EndGlobalSection
	GlobalSection(SolutionProperties) = preSolution
		HideSolutionNode = FALSE
	EndGlobalSection
	GlobalSection(ExtensibilityGlobals) = postSolution
		SolutionGuid = {F878229B-FD3D-4DCC-80F4-28BBC88A3307}
	EndGlobalSection
EndGlobal
